
Microsoft Visual Studio Solution File, Format Version 12.00
# Visual Studio Version 16
VisualStudioVersion = 16.0.30711.63
MinimumVisualStudioVersion = 10.0.40219.1
Project("{2150E333-8FDC-42A3-9474-1A3956D46DE8}") = "src", "src", "{E6841976-2B6F-48FF-BA80-E7F7140B0174}"
EndProject
Project("{2150E333-8FDC-42A3-9474-1A3956D46DE8}") = "test", "test", "{1C12DFAC-94DC-4F77-AE08-A450EEE7952A}"
EndProject
Project("{9A19103F-16F7-4668-BE54-9A1E7A4F7556}") = "Data", "src\Data\Data.csproj", "{00BF3660-5F9B-417F-8D57-086180009F65}"
EndProject
Project("{9A19103F-16F7-4668-BE54-9A1E7A4F7556}") = "Core", "src\Core\Core.csproj", "{041EB4A3-30DF-484C-8E7A-EED261F1C00A}"
EndProject
Project("{9A19103F-16F7-4668-BE54-9A1E7A4F7556}") = "Api", "src\Api\Api.csproj", "{FB9901EF-A814-4FCF-9E12-982E4B31993E}"
EndProject
Project("{9A19103F-16F7-4668-BE54-9A1E7A4F7556}") = "Data.UnitTest", "test\Data.Test\Data.UnitTest.csproj", "{A1DC1AAB-F3B1-48C1-932B-7866C3125DB1}"
EndProject
Project("{9A19103F-16F7-4668-BE54-9A1E7A4F7556}") = "Api.IntegrationTest", "test\Api.Test\Api.IntegrationTest.csproj", "{B6CC5B54-55C3-4B2D-9A3B-2CF17E1D3766}"
EndProject
Project("{9A19103F-16F7-4668-BE54-9A1E7A4F7556}") = "Core.IntegrationTest", "test\Core.Test\Core.IntegrationTest.csproj", "{DE7E356E-7C7D-491A-A276-279538636203}"
EndProject
Project("{FAE04EC0-301F-11D3-BF4B-00C04F79EFBC}") = "Core.UnitTest", "test\Core.UnitTest\Core.UnitTest.csproj", "{D578A406-D33E-44A2-B1E3-A30343839355}"
EndProject
Global
	GlobalSection(SolutionConfigurationPlatforms) = preSolution
		Debug|Any CPU = Debug|Any CPU
		Release|Any CPU = Release|Any CPU
	EndGlobalSection
	GlobalSection(ProjectConfigurationPlatforms) = postSolution
		{00BF3660-5F9B-417F-8D57-086180009F65}.Debug|Any CPU.ActiveCfg = Debug|Any CPU
		{00BF3660-5F9B-417F-8D57-086180009F65}.Debug|Any CPU.Build.0 = Debug|Any CPU
		{00BF3660-5F9B-417F-8D57-086180009F65}.Release|Any CPU.ActiveCfg = Release|Any CPU
		{00BF3660-5F9B-417F-8D57-086180009F65}.Release|Any CPU.Build.0 = Release|Any CPU
		{041EB4A3-30DF-484C-8E7A-EED261F1C00A}.Debug|Any CPU.ActiveCfg = Debug|Any CPU
		{041EB4A3-30DF-484C-8E7A-EED261F1C00A}.Debug|Any CPU.Build.0 = Debug|Any CPU
		{041EB4A3-30DF-484C-8E7A-EED261F1C00A}.Release|Any CPU.ActiveCfg = Release|Any CPU
		{041EB4A3-30DF-484C-8E7A-EED261F1C00A}.Release|Any CPU.Build.0 = Release|Any CPU
		{FB9901EF-A814-4FCF-9E12-982E4B31993E}.Debug|Any CPU.ActiveCfg = Debug|Any CPU
		{FB9901EF-A814-4FCF-9E12-982E4B31993E}.Debug|Any CPU.Build.0 = Debug|Any CPU
		{FB9901EF-A814-4FCF-9E12-982E4B31993E}.Release|Any CPU.ActiveCfg = Release|Any CPU
		{FB9901EF-A814-4FCF-9E12-982E4B31993E}.Release|Any CPU.Build.0 = Release|Any CPU
		{A1DC1AAB-F3B1-48C1-932B-7866C3125DB1}.Debug|Any CPU.ActiveCfg = Debug|Any CPU
		{A1DC1AAB-F3B1-48C1-932B-7866C3125DB1}.Debug|Any CPU.Build.0 = Debug|Any CPU
		{A1DC1AAB-F3B1-48C1-932B-7866C3125DB1}.Release|Any CPU.ActiveCfg = Release|Any CPU
		{A1DC1AAB-F3B1-48C1-932B-7866C3125DB1}.Release|Any CPU.Build.0 = Release|Any CPU
		{B6CC5B54-55C3-4B2D-9A3B-2CF17E1D3766}.Debug|Any CPU.ActiveCfg = Debug|Any CPU
		{B6CC5B54-55C3-4B2D-9A3B-2CF17E1D3766}.Debug|Any CPU.Build.0 = Debug|Any CPU
		{B6CC5B54-55C3-4B2D-9A3B-2CF17E1D3766}.Release|Any CPU.ActiveCfg = Release|Any CPU
		{B6CC5B54-55C3-4B2D-9A3B-2CF17E1D3766}.Release|Any CPU.Build.0 = Release|Any CPU
		{DE7E356E-7C7D-491A-A276-279538636203}.Debug|Any CPU.ActiveCfg = Debug|Any CPU
		{DE7E356E-7C7D-491A-A276-279538636203}.Debug|Any CPU.Build.0 = Debug|Any CPU
		{DE7E356E-7C7D-491A-A276-279538636203}.Release|Any CPU.ActiveCfg = Release|Any CPU
		{DE7E356E-7C7D-491A-A276-279538636203}.Release|Any CPU.Build.0 = Release|Any CPU
		{D578A406-D33E-44A2-B1E3-A30343839355}.Debug|Any CPU.ActiveCfg = Debug|Any CPU
		{D578A406-D33E-44A2-B1E3-A30343839355}.Debug|Any CPU.Build.0 = Debug|Any CPU
		{D578A406-D33E-44A2-B1E3-A30343839355}.Release|Any CPU.ActiveCfg = Release|Any CPU
		{D578A406-D33E-44A2-B1E3-A30343839355}.Release|Any CPU.Build.0 = Release|Any CPU
	EndGlobalSection
	GlobalSection(SolutionProperties) = preSolution
		HideSolutionNode = FALSE
	EndGlobalSection
	GlobalSection(NestedProjects) = preSolution
		{00BF3660-5F9B-417F-8D57-086180009F65} = {E6841976-2B6F-48FF-BA80-E7F7140B0174}
		{041EB4A3-30DF-484C-8E7A-EED261F1C00A} = {E6841976-2B6F-48FF-BA80-E7F7140B0174}
		{FB9901EF-A814-4FCF-9E12-982E4B31993E} = {E6841976-2B6F-48FF-BA80-E7F7140B0174}
		{A1DC1AAB-F3B1-48C1-932B-7866C3125DB1} = {1C12DFAC-94DC-4F77-AE08-A450EEE7952A}
		{B6CC5B54-55C3-4B2D-9A3B-2CF17E1D3766} = {1C12DFAC-94DC-4F77-AE08-A450EEE7952A}
		{DE7E356E-7C7D-491A-A276-279538636203} = {1C12DFAC-94DC-4F77-AE08-A450EEE7952A}
		{D578A406-D33E-44A2-B1E3-A30343839355} = {1C12DFAC-94DC-4F77-AE08-A450EEE7952A}
	EndGlobalSection
	GlobalSection(ExtensibilityGlobals) = postSolution
		SolutionGuid = {EED78172-201A-40EA-8862-A9323540E4AC}
	EndGlobalSection
EndGlobal
